{
  "name": "pgp",
  "lockfileVersion": 2,
  "requires": true,
  "packages": {
    "": {
      "dependencies": {
        "sweetalert2": "^11.6.13"
      }
    },
    "node_modules/sweetalert2": {
      "version": "11.6.13",
      "resolved": "https://registry.npmjs.org/sweetalert2/-/sweetalert2-11.6.13.tgz",
      "integrity": "sha512-n5yVF0FNx1lm4XzpPyb1HIaiptzODfVyeCzmB809tpK+1bPdoKoevKOxYjrtId75DV7xuIp4r6cjn8xUAB8dPQ==",
      "funding": {
        "type": "individual",
        "url": "https://github.com/sponsors/limonte"
      }
    }
  },
  "dependencies": {
    "sweetalert2": {
      "version": "11.6.13",
      "resolved": "https://registry.npmjs.org/sweetalert2/-/sweetalert2-11.6.13.tgz",
      "integrity": "sha512-n5yVF0FNx1lm4XzpPyb1HIaiptzODfVyeCzmB809tpK+1bPdoKoevKOxYjrtId75DV7xuIp4r6cjn8xUAB8dPQ=="
    }
  }
}
