{
  "name": "pgp",
  "lockfileVersion": 2,
  "requires": true,
  "packages": {
    "": {
      "dependencies": {
        "svg-mesh-3d": "^1.1.0"
      }
    },
    "node_modules/abs-svg-path": {
      "version": "0.1.1",
      "resolved": "https://registry.npmjs.org/abs-svg-path/-/abs-svg-path-0.1.1.tgz",
      "integrity": "sha512-d8XPSGjfyzlXC3Xx891DJRyZfqk5JU0BJrDQcsWomFIV1/BIzPW5HDH5iDdWpqWaav0YVIEzT1RHTwWr0FFshA=="
    },
    "node_modules/adaptive-bezier-curve": {
      "version": "1.0.3",
      "resolved": "https://registry.npmjs.org/adaptive-bezier-curve/-/adaptive-bezier-curve-1.0.3.tgz",
      "integrity": "sha512-mDcwN284LlNAdunqnVmS0PAoDNHKze/PY8zvpCdxzyXD+ZZFeMWQ3FKNBw0VMOd9IfnhIyzAWJDXzRcWnXtoSg=="
    },
    "node_modules/big-rat": {
      "version": "1.0.4",
      "resolved": "https://registry.npmjs.org/big-rat/-/big-rat-1.0.4.tgz",
      "integrity": "sha512-AubEohDDrak6urvKkFMIlwPWyQbJ/eq04YsK/SNipH7NNiPCYchjQNvWYK5vyyMmtGXAmNmsAjIcfkaDuTtd8g==",
      "dependencies": {
        "bit-twiddle": "^1.0.2",
        "bn.js": "^4.11.6",
        "double-bits": "^1.1.1"
      }
    },
    "node_modules/binary-search-bounds": {
      "version": "2.0.5",
      "resolved": "https://registry.npmjs.org/binary-search-bounds/-/binary-search-bounds-2.0.5.tgz",
      "integrity": "sha512-H0ea4Fd3lS1+sTEB2TgcLoK21lLhwEJzlQv3IN47pJS976Gx4zoWe0ak3q+uYh60ppQxg9F16Ri4tS1sfD4+jA=="
    },
    "node_modules/bit-twiddle": {
      "version": "1.0.2",
      "resolved": "https://registry.npmjs.org/bit-twiddle/-/bit-twiddle-1.0.2.tgz",
      "integrity": "sha512-B9UhK0DKFZhoTFcfvAzhqsjStvGJp9vYWf3+6SNTtdSQnvIgfkHbgHrg/e4+TH71N2GDu8tpmCVoyfrL1d7ntA=="
    },
    "node_modules/bn.js": {
      "version": "4.12.0",
      "resolved": "https://registry.npmjs.org/bn.js/-/bn.js-4.12.0.tgz",
      "integrity": "sha512-c98Bf3tPniI+scsdk237ku1Dc3ujXQTSgyiPUDEOe7tRkhrqridvh8klBv0HCEso1OLOYcHuCv/cS6DNxKH+ZA=="
    },
    "node_modules/bound-points": {
      "version": "1.0.0",
      "resolved": "https://registry.npmjs.org/bound-points/-/bound-points-1.0.0.tgz",
      "integrity": "sha512-D5v3yrtBvia09U2+Js73YMswySOclYHuXNFFzYvsigAdqpY5YG+kY4cSHi7Mww6yU8N8u0T1XkMkRGgeDdWqBA=="
    },
    "node_modules/box-intersect": {
      "version": "1.0.2",
      "resolved": "https://registry.npmjs.org/box-intersect/-/box-intersect-1.0.2.tgz",
      "integrity": "sha512-yJeMwlmFPG1gIa7Rs/cGXeI6iOj6Qz5MG5PE61xLKpElUGzmJ4abm+qsLpzxKJFpsSDq742BQEocr8dI2t8Nxw==",
      "dependencies": {
        "bit-twiddle": "^1.0.2",
        "typedarray-pool": "^1.1.0"
      }
    },
    "node_modules/cdt2d": {
      "version": "1.0.0",
      "resolved": "https://registry.npmjs.org/cdt2d/-/cdt2d-1.0.0.tgz",
      "integrity": "sha512-pFKb7gVhpsI6onS5HUXRoqbBIJB4CJ+KPk8kgaIVcm0zFgOxIyBT5vzifZ4j1aoGVJS0U1A+S4oFDshuLAitlA==",
      "dependencies": {
        "binary-search-bounds": "^2.0.3",
        "robust-in-sphere": "^1.1.3",
        "robust-orientation": "^1.1.3"
      }
    },
    "node_modules/clean-pslg": {
      "version": "1.1.2",
      "resolved": "https://registry.npmjs.org/clean-pslg/-/clean-pslg-1.1.2.tgz",
      "integrity": "sha512-bJnEUR6gRiiNi2n4WSC6yrc0Hhn/oQDOTzs6evZfPwEF/VKVXM6xu0F4n/WSBz7TjTt/ZK6I5snRM9gVKMVAxA==",
      "dependencies": {
        "big-rat": "^1.0.3",
        "box-intersect": "^1.0.1",
        "nextafter": "^1.0.0",
        "rat-vec": "^1.1.1",
        "robust-segment-intersect": "^1.0.1",
        "union-find": "^1.0.2",
        "uniq": "^1.0.1"
      }
    },
    "node_modules/double-bits": {
      "version": "1.1.1",
      "resolved": "https://registry.npmjs.org/double-bits/-/double-bits-1.1.1.tgz",
      "integrity": "sha512-BCLEIBq0O/DWoA7BsCu/R+RP0ZXiowP8BhtJT3qeuuQEBpnS8LK/Wo6UTJQv6v8mK1fj8n90YziHLwGdM5whSg=="
    },
    "node_modules/dup": {
      "version": "1.0.0",
      "resolved": "https://registry.npmjs.org/dup/-/dup-1.0.0.tgz",
      "integrity": "sha512-Bz5jxMMC0wgp23Zm15ip1x8IhYRqJvF3nFC0UInJUDkN1z4uNPk9jTnfCUJXbOGiQ1JbXLQsiV41Fb+HXcj5BA=="
    },
    "node_modules/nextafter": {
      "version": "1.0.0",
      "resolved": "https://registry.npmjs.org/nextafter/-/nextafter-1.0.0.tgz",
      "integrity": "sha512-7PO+A89Tll2rSEfyrjtqO0MaI37+nnxBdnQcPypfbEYYuGaJxWGCqaOwQX4a3GHNTS08l1kazuiLEWZniZjMUQ==",
      "dependencies": {
        "double-bits": "^1.1.0"
      }
    },
    "node_modules/normalize-path-scale": {
      "version": "2.0.0",
      "resolved": "https://registry.npmjs.org/normalize-path-scale/-/normalize-path-scale-2.0.0.tgz",
      "integrity": "sha512-Yl9z7Xhchwku9vhBH/OJ496ySAeGoX8OKX1+7LzsN3UBAP71MnIlBw5raS4xEy/+wXOLj+zi9J4pthO2KuMS0w==",
      "dependencies": {
        "bound-points": "^1.0.0",
        "unlerp": "^1.0.1"
      }
    },
    "node_modules/normalize-svg-path": {
      "version": "0.1.0",
      "resolved": "https://registry.npmjs.org/normalize-svg-path/-/normalize-svg-path-0.1.0.tgz",
      "integrity": "sha512-1/kmYej2iedi5+ROxkRESL/pI02pkg0OBnaR4hJkSIX6+ORzepwbuUXfrdZaPjysTsJInj0Rj5NuX027+dMBvA=="
    },
    "node_modules/object-assign": {
      "version": "4.1.1",
      "resolved": "https://registry.npmjs.org/object-assign/-/object-assign-4.1.1.tgz",
      "integrity": "sha512-rJgTQnkUnH1sFw8yT6VSU3zD3sWmu6sZhIseY8VX+GRu3P6F7Fu+JNDoXfklElbLJSnc3FUQHVe4cU5hj+BcUg==",
      "engines": {
        "node": ">=0.10.0"
      }
    },
    "node_modules/parse-svg-path": {
      "version": "0.1.2",
      "resolved": "https://registry.npmjs.org/parse-svg-path/-/parse-svg-path-0.1.2.tgz",
      "integrity": "sha512-JyPSBnkTJ0AI8GGJLfMXvKq42cj5c006fnLz6fXy6zfoVjJizi8BNTpu8on8ziI1cKy9d9DGNuY17Ce7wuejpQ=="
    },
    "node_modules/random-float": {
      "version": "1.0.0",
      "resolved": "https://registry.npmjs.org/random-float/-/random-float-1.0.0.tgz",
      "integrity": "sha512-mrkYxriJToLs+UBcrWBlHWGT1ouYh6JlZDygOrmxMMXJqTmzuTH13QUa+n7DsUHKi+Z5pfhEAz4CvuMP2MDc7w==",
      "engines": {
        "node": ">=0.10.0"
      }
    },
    "node_modules/rat-vec": {
      "version": "1.1.1",
      "resolved": "https://registry.npmjs.org/rat-vec/-/rat-vec-1.1.1.tgz",
      "integrity": "sha512-FbxGwkQxmw4Jx41LR7yMOR+g8M9TWCEmf/SUBQVLuK2eh0nThnffF7IUualr3XE2x5F8AdLiCVeSGwXd4snfgg==",
      "dependencies": {
        "big-rat": "^1.0.3"
      }
    },
    "node_modules/robust-in-sphere": {
      "version": "1.2.1",
      "resolved": "https://registry.npmjs.org/robust-in-sphere/-/robust-in-sphere-1.2.1.tgz",
      "integrity": "sha512-3zJdcMIOP1gdwux93MKTS0RiMYEGwQBoE5R1IW/9ZQmGeZzP7f7i4+xdcK8ujJvF/dEOS1WPuI9IB1WNFbj3Cg==",
      "dependencies": {
        "robust-scale": "^1.0.0",
        "robust-subtract": "^1.0.0",
        "robust-sum": "^1.0.0",
        "two-product": "^1.0.0"
      }
    },
    "node_modules/robust-orientation": {
      "version": "1.2.1",
      "resolved": "https://registry.npmjs.org/robust-orientation/-/robust-orientation-1.2.1.tgz",
      "integrity": "sha512-FuTptgKwY6iNuU15nrIJDLjXzCChWB+T4AvksRtwPS/WZ3HuP1CElCm1t+OBfgQKfWbtZIawip+61k7+buRKAg==",
      "dependencies": {
        "robust-scale": "^1.0.2",
        "robust-subtract": "^1.0.0",
        "robust-sum": "^1.0.0",
        "two-product": "^1.0.2"
      }
    },
    "node_modules/robust-scale": {
      "version": "1.0.2",
      "resolved": "https://registry.npmjs.org/robust-scale/-/robust-scale-1.0.2.tgz",
      "integrity": "sha512-jBR91a/vomMAzazwpsPTPeuTPPmWBacwA+WYGNKcRGSh6xweuQ2ZbjRZ4v792/bZOhRKXRiQH0F48AvuajY0tQ==",
      "dependencies": {
        "two-product": "^1.0.2",
        "two-sum": "^1.0.0"
      }
    },
    "node_modules/robust-segment-intersect": {
      "version": "1.0.1",
      "resolved": "https://registry.npmjs.org/robust-segment-intersect/-/robust-segment-intersect-1.0.1.tgz",
      "integrity": "sha512-QWngxcL7rCRLK7nTMcTNBPi/q+fecrOo6aOtTPnXjT/Dve5AK20DzUSq2fznUS+rCAxyir6OdPgDCzcUxFtJoQ==",
      "dependencies": {
        "robust-orientation": "^1.1.3"
      }
    },
    "node_modules/robust-subtract": {
      "version": "1.0.0",
      "resolved": "https://registry.npmjs.org/robust-subtract/-/robust-subtract-1.0.0.tgz",
      "integrity": "sha512-xhKUno+Rl+trmxAIVwjQMiVdpF5llxytozXJOdoT4eTIqmqsndQqFb1A0oiW3sZGlhMRhOi6pAD4MF1YYW6o/A=="
    },
    "node_modules/robust-sum": {
      "version": "1.0.0",
      "resolved": "https://registry.npmjs.org/robust-sum/-/robust-sum-1.0.0.tgz",
      "integrity": "sha512-AvLExwpaqUqD1uwLU6MwzzfRdaI6VEZsyvQ3IAQ0ZJ08v1H+DTyqskrf2ZJyh0BDduFVLN7H04Zmc+qTiahhAw=="
    },
    "node_modules/simplify-path": {
      "version": "1.1.0",
      "resolved": "https://registry.npmjs.org/simplify-path/-/simplify-path-1.1.0.tgz",
      "integrity": "sha512-qvEyrV36pP6YjRoEAe7ymSqFwurrTQXltcmZaQXFVh8cTWUfHYGeobbMK8V7WHlT9+ysW3GNVkCd6TF8aM0ydw=="
    },
    "node_modules/svg-mesh-3d": {
      "version": "1.1.0",
      "resolved": "https://registry.npmjs.org/svg-mesh-3d/-/svg-mesh-3d-1.1.0.tgz",
      "integrity": "sha512-ZaeN4Y5D2uzzIBCOs7gZenLFe6QqF6nQOueqWRax1GuVEYRSusQ3N1oRSAcpZizeOXPbkwJzWyW6JAA/ejo/bA==",
      "dependencies": {
        "bound-points": "^1.0.0",
        "cdt2d": "^1.0.0",
        "clean-pslg": "^1.1.0",
        "normalize-path-scale": "^2.0.0",
        "object-assign": "^4.0.1",
        "parse-svg-path": "^0.1.1",
        "random-float": "^1.0.0",
        "simplify-path": "^1.1.0",
        "svg-path-contours": "^2.0.0"
      }
    },
    "node_modules/svg-path-contours": {
      "version": "2.0.0",
      "resolved": "https://registry.npmjs.org/svg-path-contours/-/svg-path-contours-2.0.0.tgz",
      "integrity": "sha512-mUpqlUkchMV5lQq2DdPIulNQ2lqPjYTUvY8bUUql/SlOMdPkavijO/oJgvimz31CC4Hvfce6uq+Jn0xzRysmVw==",
      "dependencies": {
        "abs-svg-path": "^0.1.1",
        "adaptive-bezier-curve": "^1.0.3",
        "normalize-svg-path": "^0.1.0",
        "vec2-copy": "^1.0.0"
      }
    },
    "node_modules/two-product": {
      "version": "1.0.2",
      "resolved": "https://registry.npmjs.org/two-product/-/two-product-1.0.2.tgz",
      "integrity": "sha512-vOyrqmeYvzjToVM08iU52OFocWT6eB/I5LUWYnxeAPGXAhAxXYU/Yr/R2uY5/5n4bvJQL9AQulIuxpIsMoT8XQ=="
    },
    "node_modules/two-sum": {
      "version": "1.0.0",
      "resolved": "https://registry.npmjs.org/two-sum/-/two-sum-1.0.0.tgz",
      "integrity": "sha512-phP48e8AawgsNUjEY2WvoIWqdie8PoiDZGxTDv70LDr01uX5wLEQbOgSP7Z/B6+SW5oLtbe8qaYX2fKJs3CGTw=="
    },
    "node_modules/typedarray-pool": {
      "version": "1.2.0",
      "resolved": "https://registry.npmjs.org/typedarray-pool/-/typedarray-pool-1.2.0.tgz",
      "integrity": "sha512-YTSQbzX43yvtpfRtIDAYygoYtgT+Rpjuxy9iOpczrjpXLgGoyG7aS5USJXV2d3nn8uHTeb9rXDvzS27zUg5KYQ==",
      "dependencies": {
        "bit-twiddle": "^1.0.0",
        "dup": "^1.0.0"
      }
    },
    "node_modules/union-find": {
      "version": "1.0.2",
      "resolved": "https://registry.npmjs.org/union-find/-/union-find-1.0.2.tgz",
      "integrity": "sha512-wFA9bMD/40k7ZcpKVXfu6X1qD3ri5ryO8HUsuA1RnxPCQl66Mu6DgkxyR+XNnd+osD0aLENixcJVFj+uf+O4gw=="
    },
    "node_modules/uniq": {
      "version": "1.0.1",
      "resolved": "https://registry.npmjs.org/uniq/-/uniq-1.0.1.tgz",
      "integrity": "sha512-Gw+zz50YNKPDKXs+9d+aKAjVwpjNwqzvNpLigIruT4HA9lMZNdMqs9x07kKHB/L9WRzqp4+DlTU5s4wG2esdoA=="
    },
    "node_modules/unlerp": {
      "version": "1.0.1",
      "resolved": "https://registry.npmjs.org/unlerp/-/unlerp-1.0.1.tgz",
      "integrity": "sha512-KYAvSHj5Jg0/OlZh25r/xVgzedK657QqCFxlXu7XvXUd6ODQyTRw/pDMoC+tdjdeviU29+b3UXYsl8zRuYecTQ=="
    },
    "node_modules/vec2-copy": {
      "version": "1.0.0",
      "resolved": "https://registry.npmjs.org/vec2-copy/-/vec2-copy-1.0.0.tgz",
      "integrity": "sha512-jeitylCmqqyM4Z2blr4vLpScsROaiJfhN2dFOjn1VK01cM4fi5GNt60L0Zxhm0OT1vYYiv7BKDOZch0YfPA8qw=="
    }
  },
  "dependencies": {
    "abs-svg-path": {
      "version": "0.1.1",
      "resolved": "https://registry.npmjs.org/abs-svg-path/-/abs-svg-path-0.1.1.tgz",
      "integrity": "sha512-d8XPSGjfyzlXC3Xx891DJRyZfqk5JU0BJrDQcsWomFIV1/BIzPW5HDH5iDdWpqWaav0YVIEzT1RHTwWr0FFshA=="
    },
    "adaptive-bezier-curve": {
      "version": "1.0.3",
      "resolved": "https://registry.npmjs.org/adaptive-bezier-curve/-/adaptive-bezier-curve-1.0.3.tgz",
      "integrity": "sha512-mDcwN284LlNAdunqnVmS0PAoDNHKze/PY8zvpCdxzyXD+ZZFeMWQ3FKNBw0VMOd9IfnhIyzAWJDXzRcWnXtoSg=="
    },
    "big-rat": {
      "version": "1.0.4",
      "resolved": "https://registry.npmjs.org/big-rat/-/big-rat-1.0.4.tgz",
      "integrity": "sha512-AubEohDDrak6urvKkFMIlwPWyQbJ/eq04YsK/SNipH7NNiPCYchjQNvWYK5vyyMmtGXAmNmsAjIcfkaDuTtd8g==",
      "requires": {
        "bit-twiddle": "^1.0.2",
        "bn.js": "^4.11.6",
        "double-bits": "^1.1.1"
      }
    },
    "binary-search-bounds": {
      "version": "2.0.5",
      "resolved": "https://registry.npmjs.org/binary-search-bounds/-/binary-search-bounds-2.0.5.tgz",
      "integrity": "sha512-H0ea4Fd3lS1+sTEB2TgcLoK21lLhwEJzlQv3IN47pJS976Gx4zoWe0ak3q+uYh60ppQxg9F16Ri4tS1sfD4+jA=="
    },
    "bit-twiddle": {
      "version": "1.0.2",
      "resolved": "https://registry.npmjs.org/bit-twiddle/-/bit-twiddle-1.0.2.tgz",
      "integrity": "sha512-B9UhK0DKFZhoTFcfvAzhqsjStvGJp9vYWf3+6SNTtdSQnvIgfkHbgHrg/e4+TH71N2GDu8tpmCVoyfrL1d7ntA=="
    },
    "bn.js": {
      "version": "4.12.0",
      "resolved": "https://registry.npmjs.org/bn.js/-/bn.js-4.12.0.tgz",
      "integrity": "sha512-c98Bf3tPniI+scsdk237ku1Dc3ujXQTSgyiPUDEOe7tRkhrqridvh8klBv0HCEso1OLOYcHuCv/cS6DNxKH+ZA=="
    },
    "bound-points": {
      "version": "1.0.0",
      "resolved": "https://registry.npmjs.org/bound-points/-/bound-points-1.0.0.tgz",
      "integrity": "sha512-D5v3yrtBvia09U2+Js73YMswySOclYHuXNFFzYvsigAdqpY5YG+kY4cSHi7Mww6yU8N8u0T1XkMkRGgeDdWqBA=="
    },
    "box-intersect": {
      "version": "1.0.2",
      "resolved": "https://registry.npmjs.org/box-intersect/-/box-intersect-1.0.2.tgz",
      "integrity": "sha512-yJeMwlmFPG1gIa7Rs/cGXeI6iOj6Qz5MG5PE61xLKpElUGzmJ4abm+qsLpzxKJFpsSDq742BQEocr8dI2t8Nxw==",
      "requires": {
        "bit-twiddle": "^1.0.2",
        "typedarray-pool": "^1.1.0"
      }
    },
    "cdt2d": {
      "version": "1.0.0",
      "resolved": "https://registry.npmjs.org/cdt2d/-/cdt2d-1.0.0.tgz",
      "integrity": "sha512-pFKb7gVhpsI6onS5HUXRoqbBIJB4CJ+KPk8kgaIVcm0zFgOxIyBT5vzifZ4j1aoGVJS0U1A+S4oFDshuLAitlA==",
      "requires": {
        "binary-search-bounds": "^2.0.3",
        "robust-in-sphere": "^1.1.3",
        "robust-orientation": "^1.1.3"
      }
    },
    "clean-pslg": {
      "version": "1.1.2",
      "resolved": "https://registry.npmjs.org/clean-pslg/-/clean-pslg-1.1.2.tgz",
      "integrity": "sha512-bJnEUR6gRiiNi2n4WSC6yrc0Hhn/oQDOTzs6evZfPwEF/VKVXM6xu0F4n/WSBz7TjTt/ZK6I5snRM9gVKMVAxA==",
      "requires": {
        "big-rat": "^1.0.3",
        "box-intersect": "^1.0.1",
        "nextafter": "^1.0.0",
        "rat-vec": "^1.1.1",
        "robust-segment-intersect": "^1.0.1",
        "union-find": "^1.0.2",
        "uniq": "^1.0.1"
      }
    },
    "double-bits": {
      "version": "1.1.1",
      "resolved": "https://registry.npmjs.org/double-bits/-/double-bits-1.1.1.tgz",
      "integrity": "sha512-BCLEIBq0O/DWoA7BsCu/R+RP0ZXiowP8BhtJT3qeuuQEBpnS8LK/Wo6UTJQv6v8mK1fj8n90YziHLwGdM5whSg=="
    },
    "dup": {
      "version": "1.0.0",
      "resolved": "https://registry.npmjs.org/dup/-/dup-1.0.0.tgz",
      "integrity": "sha512-Bz5jxMMC0wgp23Zm15ip1x8IhYRqJvF3nFC0UInJUDkN1z4uNPk9jTnfCUJXbOGiQ1JbXLQsiV41Fb+HXcj5BA=="
    },
    "nextafter": {
      "version": "1.0.0",
      "resolved": "https://registry.npmjs.org/nextafter/-/nextafter-1.0.0.tgz",
      "integrity": "sha512-7PO+A89Tll2rSEfyrjtqO0MaI37+nnxBdnQcPypfbEYYuGaJxWGCqaOwQX4a3GHNTS08l1kazuiLEWZniZjMUQ==",
      "requires": {
        "double-bits": "^1.1.0"
      }
    },
    "normalize-path-scale": {
      "version": "2.0.0",
      "resolved": "https://registry.npmjs.org/normalize-path-scale/-/normalize-path-scale-2.0.0.tgz",
      "integrity": "sha512-Yl9z7Xhchwku9vhBH/OJ496ySAeGoX8OKX1+7LzsN3UBAP71MnIlBw5raS4xEy/+wXOLj+zi9J4pthO2KuMS0w==",
      "requires": {
        "bound-points": "^1.0.0",
        "unlerp": "^1.0.1"
      }
    },
    "normalize-svg-path": {
      "version": "0.1.0",
      "resolved": "https://registry.npmjs.org/normalize-svg-path/-/normalize-svg-path-0.1.0.tgz",
      "integrity": "sha512-1/kmYej2iedi5+ROxkRESL/pI02pkg0OBnaR4hJkSIX6+ORzepwbuUXfrdZaPjysTsJInj0Rj5NuX027+dMBvA=="
    },
    "object-assign": {
      "version": "4.1.1",
      "resolved": "https://registry.npmjs.org/object-assign/-/object-assign-4.1.1.tgz",
      "integrity": "sha512-rJgTQnkUnH1sFw8yT6VSU3zD3sWmu6sZhIseY8VX+GRu3P6F7Fu+JNDoXfklElbLJSnc3FUQHVe4cU5hj+BcUg=="
    },
    "parse-svg-path": {
      "version": "0.1.2",
      "resolved": "https://registry.npmjs.org/parse-svg-path/-/parse-svg-path-0.1.2.tgz",
      "integrity": "sha512-JyPSBnkTJ0AI8GGJLfMXvKq42cj5c006fnLz6fXy6zfoVjJizi8BNTpu8on8ziI1cKy9d9DGNuY17Ce7wuejpQ=="
    },
    "random-float": {
      "version": "1.0.0",
      "resolved": "https://registry.npmjs.org/random-float/-/random-float-1.0.0.tgz",
      "integrity": "sha512-mrkYxriJToLs+UBcrWBlHWGT1ouYh6JlZDygOrmxMMXJqTmzuTH13QUa+n7DsUHKi+Z5pfhEAz4CvuMP2MDc7w=="
    },
    "rat-vec": {
      "version": "1.1.1",
      "resolved": "https://registry.npmjs.org/rat-vec/-/rat-vec-1.1.1.tgz",
      "integrity": "sha512-FbxGwkQxmw4Jx41LR7yMOR+g8M9TWCEmf/SUBQVLuK2eh0nThnffF7IUualr3XE2x5F8AdLiCVeSGwXd4snfgg==",
      "requires": {
        "big-rat": "^1.0.3"
      }
    },
    "robust-in-sphere": {
      "version": "1.2.1",
      "resolved": "https://registry.npmjs.org/robust-in-sphere/-/robust-in-sphere-1.2.1.tgz",
      "integrity": "sha512-3zJdcMIOP1gdwux93MKTS0RiMYEGwQBoE5R1IW/9ZQmGeZzP7f7i4+xdcK8ujJvF/dEOS1WPuI9IB1WNFbj3Cg==",
      "requires": {
        "robust-scale": "^1.0.0",
        "robust-subtract": "^1.0.0",
        "robust-sum": "^1.0.0",
        "two-product": "^1.0.0"
      }
    },
    "robust-orientation": {
      "version": "1.2.1",
      "resolved": "https://registry.npmjs.org/robust-orientation/-/robust-orientation-1.2.1.tgz",
      "integrity": "sha512-FuTptgKwY6iNuU15nrIJDLjXzCChWB+T4AvksRtwPS/WZ3HuP1CElCm1t+OBfgQKfWbtZIawip+61k7+buRKAg==",
      "requires": {
        "robust-scale": "^1.0.2",
        "robust-subtract": "^1.0.0",
        "robust-sum": "^1.0.0",
        "two-product": "^1.0.2"
      }
    },
    "robust-scale": {
      "version": "1.0.2",
      "resolved": "https://registry.npmjs.org/robust-scale/-/robust-scale-1.0.2.tgz",
      "integrity": "sha512-jBR91a/vomMAzazwpsPTPeuTPPmWBacwA+WYGNKcRGSh6xweuQ2ZbjRZ4v792/bZOhRKXRiQH0F48AvuajY0tQ==",
      "requires": {
        "two-product": "^1.0.2",
        "two-sum": "^1.0.0"
      }
    },
    "robust-segment-intersect": {
      "version": "1.0.1",
      "resolved": "https://registry.npmjs.org/robust-segment-intersect/-/robust-segment-intersect-1.0.1.tgz",
      "integrity": "sha512-QWngxcL7rCRLK7nTMcTNBPi/q+fecrOo6aOtTPnXjT/Dve5AK20DzUSq2fznUS+rCAxyir6OdPgDCzcUxFtJoQ==",
      "requires": {
        "robust-orientation": "^1.1.3"
      }
    },
    "robust-subtract": {
      "version": "1.0.0",
      "resolved": "https://registry.npmjs.org/robust-subtract/-/robust-subtract-1.0.0.tgz",
      "integrity": "sha512-xhKUno+Rl+trmxAIVwjQMiVdpF5llxytozXJOdoT4eTIqmqsndQqFb1A0oiW3sZGlhMRhOi6pAD4MF1YYW6o/A=="
    },
    "robust-sum": {
      "version": "1.0.0",
      "resolved": "https://registry.npmjs.org/robust-sum/-/robust-sum-1.0.0.tgz",
      "integrity": "sha512-AvLExwpaqUqD1uwLU6MwzzfRdaI6VEZsyvQ3IAQ0ZJ08v1H+DTyqskrf2ZJyh0BDduFVLN7H04Zmc+qTiahhAw=="
    },
    "simplify-path": {
      "version": "1.1.0",
      "resolved": "https://registry.npmjs.org/simplify-path/-/simplify-path-1.1.0.tgz",
      "integrity": "sha512-qvEyrV36pP6YjRoEAe7ymSqFwurrTQXltcmZaQXFVh8cTWUfHYGeobbMK8V7WHlT9+ysW3GNVkCd6TF8aM0ydw=="
    },
    "svg-mesh-3d": {
      "version": "1.1.0",
      "resolved": "https://registry.npmjs.org/svg-mesh-3d/-/svg-mesh-3d-1.1.0.tgz",
      "integrity": "sha512-ZaeN4Y5D2uzzIBCOs7gZenLFe6QqF6nQOueqWRax1GuVEYRSusQ3N1oRSAcpZizeOXPbkwJzWyW6JAA/ejo/bA==",
      "requires": {
        "bound-points": "^1.0.0",
        "cdt2d": "^1.0.0",
        "clean-pslg": "^1.1.0",
        "normalize-path-scale": "^2.0.0",
        "object-assign": "^4.0.1",
        "parse-svg-path": "^0.1.1",
        "random-float": "^1.0.0",
        "simplify-path": "^1.1.0",
        "svg-path-contours": "^2.0.0"
      }
    },
    "svg-path-contours": {
      "version": "2.0.0",
      "resolved": "https://registry.npmjs.org/svg-path-contours/-/svg-path-contours-2.0.0.tgz",
      "integrity": "sha512-mUpqlUkchMV5lQq2DdPIulNQ2lqPjYTUvY8bUUql/SlOMdPkavijO/oJgvimz31CC4Hvfce6uq+Jn0xzRysmVw==",
      "requires": {
        "abs-svg-path": "^0.1.1",
        "adaptive-bezier-curve": "^1.0.3",
        "normalize-svg-path": "^0.1.0",
        "vec2-copy": "^1.0.0"
      }
    },
    "two-product": {
      "version": "1.0.2",
      "resolved": "https://registry.npmjs.org/two-product/-/two-product-1.0.2.tgz",
      "integrity": "sha512-vOyrqmeYvzjToVM08iU52OFocWT6eB/I5LUWYnxeAPGXAhAxXYU/Yr/R2uY5/5n4bvJQL9AQulIuxpIsMoT8XQ=="
    },
    "two-sum": {
      "version": "1.0.0",
      "resolved": "https://registry.npmjs.org/two-sum/-/two-sum-1.0.0.tgz",
      "integrity": "sha512-phP48e8AawgsNUjEY2WvoIWqdie8PoiDZGxTDv70LDr01uX5wLEQbOgSP7Z/B6+SW5oLtbe8qaYX2fKJs3CGTw=="
    },
    "typedarray-pool": {
      "version": "1.2.0",
      "resolved": "https://registry.npmjs.org/typedarray-pool/-/typedarray-pool-1.2.0.tgz",
      "integrity": "sha512-YTSQbzX43yvtpfRtIDAYygoYtgT+Rpjuxy9iOpczrjpXLgGoyG7aS5USJXV2d3nn8uHTeb9rXDvzS27zUg5KYQ==",
      "requires": {
        "bit-twiddle": "^1.0.0",
        "dup": "^1.0.0"
      }
    },
    "union-find": {
      "version": "1.0.2",
      "resolved": "https://registry.npmjs.org/union-find/-/union-find-1.0.2.tgz",
      "integrity": "sha512-wFA9bMD/40k7ZcpKVXfu6X1qD3ri5ryO8HUsuA1RnxPCQl66Mu6DgkxyR+XNnd+osD0aLENixcJVFj+uf+O4gw=="
    },
    "uniq": {
      "version": "1.0.1",
      "resolved": "https://registry.npmjs.org/uniq/-/uniq-1.0.1.tgz",
      "integrity": "sha512-Gw+zz50YNKPDKXs+9d+aKAjVwpjNwqzvNpLigIruT4HA9lMZNdMqs9x07kKHB/L9WRzqp4+DlTU5s4wG2esdoA=="
    },
    "unlerp": {
      "version": "1.0.1",
      "resolved": "https://registry.npmjs.org/unlerp/-/unlerp-1.0.1.tgz",
      "integrity": "sha512-KYAvSHj5Jg0/OlZh25r/xVgzedK657QqCFxlXu7XvXUd6ODQyTRw/pDMoC+tdjdeviU29+b3UXYsl8zRuYecTQ=="
    },
    "vec2-copy": {
      "version": "1.0.0",
      "resolved": "https://registry.npmjs.org/vec2-copy/-/vec2-copy-1.0.0.tgz",
      "integrity": "sha512-jeitylCmqqyM4Z2blr4vLpScsROaiJfhN2dFOjn1VK01cM4fi5GNt60L0Zxhm0OT1vYYiv7BKDOZch0YfPA8qw=="
    }
  }
}
