{
  "name": "pgp",
  "lockfileVersion": 2,
  "requires": true,
  "packages": {
    "": {
      "dependencies": {
        "linkify-plugin-mention": "^4.1.0"
      }
    },
    "node_modules/linkify-plugin-mention": {
      "version": "4.1.0",
      "resolved": "https://registry.npmjs.org/linkify-plugin-mention/-/linkify-plugin-mention-4.1.0.tgz",
      "integrity": "sha512-DsPd5gQp1QkTTcv54xw2wK1qxgkyy+rNBUK4n5t3npQvIFoP71fmAuIfwOg/Jx3nNSCCbse040WpSLMUG8s+yA==",
      "peerDependencies": {
        "linkifyjs": "^4.0.0"
      }
    },
    "node_modules/linkifyjs": {
      "version": "4.1.0",
      "resolved": "https://registry.npmjs.org/linkifyjs/-/linkifyjs-4.1.0.tgz",
      "integrity": "sha512-Ffv8VoY3+ixI1b3aZ3O+jM6x17cOsgwfB1Wq7pkytbo1WlyRp6ZO0YDMqiWT/gQPY/CmtiGuKfzDIVqxh1aCTA==",
      "peer": true
    }
  },
  "dependencies": {
    "linkify-plugin-mention": {
      "version": "4.1.0",
      "resolved": "https://registry.npmjs.org/linkify-plugin-mention/-/linkify-plugin-mention-4.1.0.tgz",
      "integrity": "sha512-DsPd5gQp1QkTTcv54xw2wK1qxgkyy+rNBUK4n5t3npQvIFoP71fmAuIfwOg/Jx3nNSCCbse040WpSLMUG8s+yA==",
      "requires": {}
    },
    "linkifyjs": {
      "version": "4.1.0",
      "resolved": "https://registry.npmjs.org/linkifyjs/-/linkifyjs-4.1.0.tgz",
      "integrity": "sha512-Ffv8VoY3+ixI1b3aZ3O+jM6x17cOsgwfB1Wq7pkytbo1WlyRp6ZO0YDMqiWT/gQPY/CmtiGuKfzDIVqxh1aCTA==",
      "peer": true
    }
  }
}
